hash: ab1378322c5d336bb3eebae052d872e5b428af27854051e100904381da7da16e
updated: 2017-06-16T22:30:49.084242977-04:00
imports:
- name: github.com/alecthomas/kingpin
  version: 7f0871f2e17818990e4eed73f9b5c2f429501228
- name: github.com/alecthomas/template
  version: a0175ee3bccc567396460bf5acd36800cb10c49c
  subpackages:
  - parse
- name: github.com/alecthomas/units
  version: 2efee857e7cfd4f3d0138cc3cbb1b4966962b93a
- name: github.com/ttacon/chalk
  version: 76b3c8b611dea8f83e49e9ce81fc2b189e0ef3d2
- name: github.com/viyatb/gist
  version: 9fa4279010ac01564a4370f2422f4b94c8195e30
- name: gopkg.in/restruct.v1
  version: 80ede2e57cc280052ab88753387703aa62475571
testImports: []
